{
  "name": "test6",
  "version": "1.0.0",
  "lockfileVersion": 3,
  "requires": true,
  "packages": {
    "": {
      "name": "test6",
      "version": "1.0.0",
      "license": "ISC",
      "dependencies": {
        "uuid": "^9.0.1",
        "yyid": "^2.0.1"
      }
    },
    "node_modules/uuid": {
      "version": "9.0.1",
      "resolved": "https://registry.npmjs.org/uuid/-/uuid-9.0.1.tgz",
      "integrity": "sha512-b+1eJOlsR9K8HJpow9Ok3fiWOWSIcIzXodvv0rQjVoOVNpWMpxf1wZNpt4y9h10odCNrqnYp1OBzRktckBe3sA==",
      "funding": [
        "https://github.com/sponsors/broofa",
        "https://github.com/sponsors/ctavan"
      ],
      "bin": {
        "uuid": "dist/bin/uuid"
      }
    },
    "node_modules/yyid": {
      "version": "2.0.1",
      "resolved": "https://registry.npmjs.org/yyid/-/yyid-2.0.1.tgz",
      "integrity": "sha512-ZwadYIl4itm2SXVCb1kiN+wJ9tmxEHS0fwBQfQHFRlMjVJPoV7mb3huJne26FQYLb6plIoSgnFGa98fba2Z1SQ=="
    }
  }
}
